
Microsoft Visual Studio Solution File, Format Version 12.00
# Visual Studio Version 16
VisualStudioVersion = 16.0.29215.179
MinimumVisualStudioVersion = 10.0.40219.1
Project("{FAE04EC0-301F-11D3-BF4B-00C04F79EFBC}") = "DOOT", "DOOT\DOOT.csproj", "{BB74F9C5-0CC9-41C1-ABCB-2E484A5D0E45}"
EndProject
Global
	GlobalSection(SolutionConfigurationPlatforms) = preSolution
		Debug|Any CPU = Debug|Any CPU
		Release|Any CPU = Release|Any CPU
	EndGlobalSection
	GlobalSection(ProjectConfigurationPlatforms) = postSolution
		{BB74F9C5-0CC9-41C1-ABCB-2E484A5D0E45}.Debug|Any CPU.ActiveCfg = Debug|Any CPU
		{BB74F9C5-0CC9-41C1-ABCB-2E484A5D0E45}.Debug|Any CPU.Build.0 = Debug|Any CPU
		{BB74F9C5-0CC9-41C1-ABCB-2E484A5D0E45}.Release|Any CPU.ActiveCfg = Release|Any CPU
		{BB74F9C5-0CC9-41C1-ABCB-2E484A5D0E45}.Release|Any CPU.Build.0 = Release|Any CPU
	EndGlobalSection
	GlobalSection(SolutionProperties) = preSolution
		HideSolutionNode = FALSE
	EndGlobalSection
	GlobalSection(ExtensibilityGlobals) = postSolution
		SolutionGuid = {0442B7A2-97E7-44F4-8522-F6FD26CE67EB}
	EndGlobalSection
EndGlobal
